
Microsoft Visual Studio Solution File, Format Version 12.00
# Visual Studio Version 17
VisualStudioVersion = 17.6.33723.286
MinimumVisualStudioVersion = 10.0.40219.1
Project("{FAE04EC0-301F-11D3-BF4B-00C04F79EFBC}") = "WebApplication5", "WebApplication5\WebApplication5.csproj", "{F6776A48-CF14-448A-AB9A-BDAC89DFC147}"
EndProject
Global
	GlobalSection(SolutionConfigurationPlatforms) = preSolution
		Debug|Any CPU = Debug|Any CPU
		Release|Any CPU = Release|Any CPU
	EndGlobalSection
	GlobalSection(ProjectConfigurationPlatforms) = postSolution
		{F6776A48-CF14-448A-AB9A-BDAC89DFC147}.Debug|Any CPU.ActiveCfg = Debug|Any CPU
		{F6776A48-CF14-448A-AB9A-BDAC89DFC147}.Debug|Any CPU.Build.0 = Debug|Any CPU
		{F6776A48-CF14-448A-AB9A-BDAC89DFC147}.Release|Any CPU.ActiveCfg = Release|Any CPU
		{F6776A48-CF14-448A-AB9A-BDAC89DFC147}.Release|Any CPU.Build.0 = Release|Any CPU
	EndGlobalSection
	GlobalSection(SolutionProperties) = preSolution
		HideSolutionNode = FALSE
	EndGlobalSection
	GlobalSection(ExtensibilityGlobals) = postSolution
		SolutionGuid = {05EDEB15-063A-4890-9739-CBB55D531A28}
	EndGlobalSection
EndGlobal
